
Microsoft Visual Studio Solution File, Format Version 12.00
# Visual Studio Version 17
VisualStudioVersion = 17.0.31903.59
MinimumVisualStudioVersion = 10.0.40219.1
Project("{2150E333-8FDC-42A3-9474-1A3956D46DE8}") = "src", "src", "{2843D296-66D5-4ED2-8489-3C6F6FBF0B21}"
EndProject
Project("{2150E333-8FDC-42A3-9474-1A3956D46DE8}") = "Api", "Api", "{2C415743-C47E-4307-8763-8811D98772D4}"
EndProject
Project("{FAE04EC0-301F-11D3-BF4B-00C04F79EFBC}") = "POC.MSPago.WebApi", "src\Api\POC.MSPago.WebApi\POC.MSPago.WebApi.csproj", "{F2F8950A-7CA6-4919-A5E0-A275A256D688}"
EndProject
Project("{2150E333-8FDC-42A3-9474-1A3956D46DE8}") = "Core", "Core", "{30A11E3B-25CF-4B86-9D41-E11E11D28C99}"
EndProject
Project("{FAE04EC0-301F-11D3-BF4B-00C04F79EFBC}") = "POC.MSPago.Application", "src\Core\POC.MSPago.Application\POC.MSPago.Application.csproj", "{4FA94DF4-4B87-4CCC-BDB0-25E98C9992B9}"
EndProject
Project("{FAE04EC0-301F-11D3-BF4B-00C04F79EFBC}") = "POC.MSPago.Domain", "src\Core\POC.MSPago.Domain\POC.MSPago.Domain.csproj", "{2938A5D1-5147-4D96-8820-70FE5867C5C7}"
EndProject
Project("{2150E333-8FDC-42A3-9474-1A3956D46DE8}") = "Infrastructure", "Infrastructure", "{8FE12D44-0DF6-4A72-B104-C148D12FFEEE}"
EndProject
Project("{FAE04EC0-301F-11D3-BF4B-00C04F79EFBC}") = "POC.MSPago.Infrastructure", "src\Infrastructure\POC.MSPago.Infrastructure\POC.MSPago.Infrastructure.csproj", "{5E6BCE81-D448-4E8E-964B-25C7076FA349}"
EndProject
Project("{FAE04EC0-301F-11D3-BF4B-00C04F79EFBC}") = "POC.MSPago.Persistence", "src\Infrastructure\POC.MSPago.Persistence\POC.MSPago.Persistence.csproj", "{5ED996A8-4CBE-4F82-8E4D-F740E49C27A6}"
EndProject
Project("{2150E333-8FDC-42A3-9474-1A3956D46DE8}") = "test", "test", "{977C8AF3-7412-4947-BE7A-B3114109F9A4}"
EndProject
Project("{2150E333-8FDC-42A3-9474-1A3956D46DE8}") = "Core", "Core", "{3C3991AC-1DDA-4AD9-8997-D061C39CEB7C}"
EndProject
Project("{FAE04EC0-301F-11D3-BF4B-00C04F79EFBC}") = "POC.MSPago.Application.UnitTests", "test\Core\POC.MSPago.Application.UnitTests\POC.MSPago.Application.UnitTests.csproj", "{73EDDFD6-5071-4AA5-BE8A-083116D6F75C}"
EndProject
Project("{2150E333-8FDC-42A3-9474-1A3956D46DE8}") = "Infrastructure", "Infrastructure", "{EB8EB878-E019-472A-9C6F-97757BDF0A85}"
EndProject
Project("{FAE04EC0-301F-11D3-BF4B-00C04F79EFBC}") = "POC.MSPago.Infrastructure.UnitTests", "test\Infrastructure\POC.MSPago.Infrastructure.UnitTests\POC.MSPago.Infrastructure.UnitTests.csproj", "{23A1B1CF-20A2-44E5-9825-39E47D365F37}"
EndProject
Project("{FAE04EC0-301F-11D3-BF4B-00C04F79EFBC}") = "POC.MSPago.Persistence.UnitTests", "test\Infrastructure\POC.MSPago.Persistence.UnitTests\POC.MSPago.Persistence.UnitTests.csproj", "{0D1407D2-D83B-4B52-B24E-2CB9174301FD}"
EndProject
Project("{FAE04EC0-301F-11D3-BF4B-00C04F79EFBC}") = "Architecture.Tests", "test\Architecture.Tests\Architecture.Tests.csproj", "{2C813EF3-9184-41A3-A486-64A737855B8B}"
EndProject
Global
	GlobalSection(SolutionConfigurationPlatforms) = preSolution
		Debug|Any CPU = Debug|Any CPU
		Release|Any CPU = Release|Any CPU
	EndGlobalSection
	GlobalSection(SolutionProperties) = preSolution
		HideSolutionNode = FALSE
	EndGlobalSection
	GlobalSection(ProjectConfigurationPlatforms) = postSolution
		{F2F8950A-7CA6-4919-A5E0-A275A256D688}.Debug|Any CPU.ActiveCfg = Debug|Any CPU
		{F2F8950A-7CA6-4919-A5E0-A275A256D688}.Debug|Any CPU.Build.0 = Debug|Any CPU
		{F2F8950A-7CA6-4919-A5E0-A275A256D688}.Release|Any CPU.ActiveCfg = Release|Any CPU
		{F2F8950A-7CA6-4919-A5E0-A275A256D688}.Release|Any CPU.Build.0 = Release|Any CPU
		{4FA94DF4-4B87-4CCC-BDB0-25E98C9992B9}.Debug|Any CPU.ActiveCfg = Debug|Any CPU
		{4FA94DF4-4B87-4CCC-BDB0-25E98C9992B9}.Debug|Any CPU.Build.0 = Debug|Any CPU
		{4FA94DF4-4B87-4CCC-BDB0-25E98C9992B9}.Release|Any CPU.ActiveCfg = Release|Any CPU
		{4FA94DF4-4B87-4CCC-BDB0-25E98C9992B9}.Release|Any CPU.Build.0 = Release|Any CPU
		{2938A5D1-5147-4D96-8820-70FE5867C5C7}.Debug|Any CPU.ActiveCfg = Debug|Any CPU
		{2938A5D1-5147-4D96-8820-70FE5867C5C7}.Debug|Any CPU.Build.0 = Debug|Any CPU
		{2938A5D1-5147-4D96-8820-70FE5867C5C7}.Release|Any CPU.ActiveCfg = Release|Any CPU
		{2938A5D1-5147-4D96-8820-70FE5867C5C7}.Release|Any CPU.Build.0 = Release|Any CPU
		{5E6BCE81-D448-4E8E-964B-25C7076FA349}.Debug|Any CPU.ActiveCfg = Debug|Any CPU
		{5E6BCE81-D448-4E8E-964B-25C7076FA349}.Debug|Any CPU.Build.0 = Debug|Any CPU
		{5E6BCE81-D448-4E8E-964B-25C7076FA349}.Release|Any CPU.ActiveCfg = Release|Any CPU
		{5E6BCE81-D448-4E8E-964B-25C7076FA349}.Release|Any CPU.Build.0 = Release|Any CPU
		{5ED996A8-4CBE-4F82-8E4D-F740E49C27A6}.Debug|Any CPU.ActiveCfg = Debug|Any CPU
		{5ED996A8-4CBE-4F82-8E4D-F740E49C27A6}.Debug|Any CPU.Build.0 = Debug|Any CPU
		{5ED996A8-4CBE-4F82-8E4D-F740E49C27A6}.Release|Any CPU.ActiveCfg = Release|Any CPU
		{5ED996A8-4CBE-4F82-8E4D-F740E49C27A6}.Release|Any CPU.Build.0 = Release|Any CPU
		{73EDDFD6-5071-4AA5-BE8A-083116D6F75C}.Debug|Any CPU.ActiveCfg = Debug|Any CPU
		{73EDDFD6-5071-4AA5-BE8A-083116D6F75C}.Debug|Any CPU.Build.0 = Debug|Any CPU
		{73EDDFD6-5071-4AA5-BE8A-083116D6F75C}.Release|Any CPU.ActiveCfg = Release|Any CPU
		{73EDDFD6-5071-4AA5-BE8A-083116D6F75C}.Release|Any CPU.Build.0 = Release|Any CPU
		{23A1B1CF-20A2-44E5-9825-39E47D365F37}.Debug|Any CPU.ActiveCfg = Debug|Any CPU
		{23A1B1CF-20A2-44E5-9825-39E47D365F37}.Debug|Any CPU.Build.0 = Debug|Any CPU
		{23A1B1CF-20A2-44E5-9825-39E47D365F37}.Release|Any CPU.ActiveCfg = Release|Any CPU
		{23A1B1CF-20A2-44E5-9825-39E47D365F37}.Release|Any CPU.Build.0 = Release|Any CPU
		{0D1407D2-D83B-4B52-B24E-2CB9174301FD}.Debug|Any CPU.ActiveCfg = Debug|Any CPU
		{0D1407D2-D83B-4B52-B24E-2CB9174301FD}.Debug|Any CPU.Build.0 = Debug|Any CPU
		{0D1407D2-D83B-4B52-B24E-2CB9174301FD}.Release|Any CPU.ActiveCfg = Release|Any CPU
		{0D1407D2-D83B-4B52-B24E-2CB9174301FD}.Release|Any CPU.Build.0 = Release|Any CPU
		{2C813EF3-9184-41A3-A486-64A737855B8B}.Debug|Any CPU.ActiveCfg = Debug|Any CPU
		{2C813EF3-9184-41A3-A486-64A737855B8B}.Debug|Any CPU.Build.0 = Debug|Any CPU
		{2C813EF3-9184-41A3-A486-64A737855B8B}.Release|Any CPU.ActiveCfg = Release|Any CPU
		{2C813EF3-9184-41A3-A486-64A737855B8B}.Release|Any CPU.Build.0 = Release|Any CPU
	EndGlobalSection
	GlobalSection(NestedProjects) = preSolution
		{2C415743-C47E-4307-8763-8811D98772D4} = {2843D296-66D5-4ED2-8489-3C6F6FBF0B21}
		{F2F8950A-7CA6-4919-A5E0-A275A256D688} = {2C415743-C47E-4307-8763-8811D98772D4}
		{30A11E3B-25CF-4B86-9D41-E11E11D28C99} = {2843D296-66D5-4ED2-8489-3C6F6FBF0B21}
		{4FA94DF4-4B87-4CCC-BDB0-25E98C9992B9} = {30A11E3B-25CF-4B86-9D41-E11E11D28C99}
		{2938A5D1-5147-4D96-8820-70FE5867C5C7} = {30A11E3B-25CF-4B86-9D41-E11E11D28C99}
		{8FE12D44-0DF6-4A72-B104-C148D12FFEEE} = {2843D296-66D5-4ED2-8489-3C6F6FBF0B21}
		{5E6BCE81-D448-4E8E-964B-25C7076FA349} = {8FE12D44-0DF6-4A72-B104-C148D12FFEEE}
		{5ED996A8-4CBE-4F82-8E4D-F740E49C27A6} = {8FE12D44-0DF6-4A72-B104-C148D12FFEEE}
		{3C3991AC-1DDA-4AD9-8997-D061C39CEB7C} = {977C8AF3-7412-4947-BE7A-B3114109F9A4}
		{73EDDFD6-5071-4AA5-BE8A-083116D6F75C} = {3C3991AC-1DDA-4AD9-8997-D061C39CEB7C}
		{EB8EB878-E019-472A-9C6F-97757BDF0A85} = {977C8AF3-7412-4947-BE7A-B3114109F9A4}
		{23A1B1CF-20A2-44E5-9825-39E47D365F37} = {EB8EB878-E019-472A-9C6F-97757BDF0A85}
		{0D1407D2-D83B-4B52-B24E-2CB9174301FD} = {EB8EB878-E019-472A-9C6F-97757BDF0A85}
		{2C813EF3-9184-41A3-A486-64A737855B8B} = {977C8AF3-7412-4947-BE7A-B3114109F9A4}
	EndGlobalSection
EndGlobal
